<?xml version="1.0" encoding="utf-8"?>
<Project ToolsVersion="4.0" xmlns="http://schemas.microsoft.com/developer/msbuild/2003">
  <ItemGroup>
    <Filter Include="ソース ファイル">
      <UniqueIdentifier>{4FC737F1-C7A5-4376-A066-2A32D752A2FF}</UniqueIdentifier>
      <Extensions>cpp;c;cc;cxx;c++;cppm;ixx;def;odl;idl;hpj;bat;asm;asmx</Extensions>
    </Filter>
    <Filter Include="Library">
      <UniqueIdentifier>{27dc0c00-4a64-4855-a0ba-06b93c580b49}</UniqueIdentifier>
    </Filter>
    <Filter Include="Manager">
      <UniqueIdentifier>{6a0f5f46-816b-4c4b-adbb-21bff062c681}</UniqueIdentifier>
    </Filter>
    <Filter Include="Scene">
      <UniqueIdentifier>{ea5339dd-4f61-475e-bfab-a990c399f3e2}</UniqueIdentifier>
    </Filter>
    <Filter Include="Draw">
      <UniqueIdentifier>{219a35cc-7b9a-4240-8b7f-161a02b615cb}</UniqueIdentifier>
    </Filter>
  </ItemGroup>
  <ItemGroup>
    <ClCompile Include="main.cpp">
      <Filter>ソース ファイル</Filter>
    </ClCompile>
    <ClCompile Include="Location2D.cpp">
      <Filter>Library</Filter>
    </ClCompile>
    <ClCompile Include="Vector2D.cpp">
      <Filter>Library</Filter>
    </ClCompile>
    <ClCompile Include="SceneManager.cpp">
      <Filter>Manager</Filter>
    </ClCompile>
    <ClCompile Include="SceneBase.cpp">
      <Filter>Scene</Filter>
    </ClCompile>
    <ClCompile Include="BootScene.cpp">
      <Filter>Scene</Filter>
    </ClCompile>
    <ClCompile Include="DrawBase.cpp">
      <Filter>Draw</Filter>
    </ClCompile>
    <ClCompile Include="TestDraw.cpp">
      <Filter>Draw</Filter>
    </ClCompile>
    <ClCompile Include="TextDraw.cpp">
      <Filter>Draw</Filter>
    </ClCompile>
    <ClCompile Include="Matrix2D.cpp">
      <Filter>Library</Filter>
    </ClCompile>
  </ItemGroup>
  <ItemGroup>
    <ClInclude Include="framework.h">
      <Filter>ソース ファイル</Filter>
    </ClInclude>
    <ClInclude Include="Location2D.h">
      <Filter>Library</Filter>
    </ClInclude>
    <ClInclude Include="Vector2D.h">
      <Filter>Library</Filter>
    </ClInclude>
    <ClInclude Include="SceneManager.h">
      <Filter>Manager</Filter>
    </ClInclude>
    <ClInclude Include="SceneBase.h">
      <Filter>Scene</Filter>
    </ClInclude>
    <ClInclude Include="BootScene.h">
      <Filter>Scene</Filter>
    </ClInclude>
    <ClInclude Include="DrawBase.h">
      <Filter>Draw</Filter>
    </ClInclude>
    <ClInclude Include="TestDraw.h">
      <Filter>Draw</Filter>
    </ClInclude>
    <ClInclude Include="TextDraw.h">
      <Filter>Draw</Filter>
    </ClInclude>
    <ClInclude Include="GameUtil.h">
      <Filter>Library</Filter>
    </ClInclude>
    <ClInclude Include="Matrix2D.h">
      <Filter>Library</Filter>
    </ClInclude>
    <ClInclude Include="MathUtil.h">
      <Filter>Library</Filter>
    </ClInclude>
  </ItemGroup>
</Project>